
Microsoft Visual Studio Solution File, Format Version 12.00
# Visual Studio Version 17
VisualStudioVersion = 17.4.33205.214
MinimumVisualStudioVersion = 10.0.40219.1
Project("{2150E333-8FDC-42A3-9474-1A3956D46DE8}") = "Catalog", "Catalog", "{D79ADD05-6BFD-46C0-B1F9-17143B2A6B2B}"
EndProject
Project("{9A19103F-16F7-4668-BE54-9A1E7A4F7556}") = "DAL", "DAL\DAL.csproj", "{3075B6CE-BDCE-4A66-9C84-8B878F2BACA4}"
EndProject
Project("{9A19103F-16F7-4668-BE54-9A1E7A4F7556}") = "DAL.Test", "DAL.Test\DAL.Test.csproj", "{8585D9ED-2D5A-479B-94B1-EA245E679818}"
EndProject
Project("{FAE04EC0-301F-11D3-BF4B-00C04F79EFBC}") = "BLL", "DLL\BLL.csproj", "{5FCE86D4-E223-410B-9800-C8A027413588}"
EndProject
Project("{FAE04EC0-301F-11D3-BF4B-00C04F79EFBC}") = "BLL.Tests", "DLL.Tests\BLL.Tests.csproj", "{B9D1BEAB-005C-4115-B231-EBA0C4555F5C}"
EndProject
Project("{FAE04EC0-301F-11D3-BF4B-00C04F79EFBC}") = "CCL", "CCL\CCL.csproj", "{0C5C70ED-DF48-407D-BEB3-9760B91DE64F}"
EndProject
Global
	GlobalSection(SolutionConfigurationPlatforms) = preSolution
		Debug|Any CPU = Debug|Any CPU
		Release|Any CPU = Release|Any CPU
	EndGlobalSection
	GlobalSection(ProjectConfigurationPlatforms) = postSolution
		{3075B6CE-BDCE-4A66-9C84-8B878F2BACA4}.Debug|Any CPU.ActiveCfg = Debug|Any CPU
		{3075B6CE-BDCE-4A66-9C84-8B878F2BACA4}.Debug|Any CPU.Build.0 = Debug|Any CPU
		{3075B6CE-BDCE-4A66-9C84-8B878F2BACA4}.Release|Any CPU.ActiveCfg = Release|Any CPU
		{3075B6CE-BDCE-4A66-9C84-8B878F2BACA4}.Release|Any CPU.Build.0 = Release|Any CPU
		{8585D9ED-2D5A-479B-94B1-EA245E679818}.Debug|Any CPU.ActiveCfg = Debug|Any CPU
		{8585D9ED-2D5A-479B-94B1-EA245E679818}.Debug|Any CPU.Build.0 = Debug|Any CPU
		{8585D9ED-2D5A-479B-94B1-EA245E679818}.Release|Any CPU.ActiveCfg = Release|Any CPU
		{8585D9ED-2D5A-479B-94B1-EA245E679818}.Release|Any CPU.Build.0 = Release|Any CPU
		{5FCE86D4-E223-410B-9800-C8A027413588}.Debug|Any CPU.ActiveCfg = Debug|Any CPU
		{5FCE86D4-E223-410B-9800-C8A027413588}.Debug|Any CPU.Build.0 = Debug|Any CPU
		{5FCE86D4-E223-410B-9800-C8A027413588}.Release|Any CPU.ActiveCfg = Release|Any CPU
		{5FCE86D4-E223-410B-9800-C8A027413588}.Release|Any CPU.Build.0 = Release|Any CPU
		{B9D1BEAB-005C-4115-B231-EBA0C4555F5C}.Debug|Any CPU.ActiveCfg = Debug|Any CPU
		{B9D1BEAB-005C-4115-B231-EBA0C4555F5C}.Debug|Any CPU.Build.0 = Debug|Any CPU
		{B9D1BEAB-005C-4115-B231-EBA0C4555F5C}.Release|Any CPU.ActiveCfg = Release|Any CPU
		{B9D1BEAB-005C-4115-B231-EBA0C4555F5C}.Release|Any CPU.Build.0 = Release|Any CPU
		{0C5C70ED-DF48-407D-BEB3-9760B91DE64F}.Debug|Any CPU.ActiveCfg = Debug|Any CPU
		{0C5C70ED-DF48-407D-BEB3-9760B91DE64F}.Debug|Any CPU.Build.0 = Debug|Any CPU
		{0C5C70ED-DF48-407D-BEB3-9760B91DE64F}.Release|Any CPU.ActiveCfg = Release|Any CPU
		{0C5C70ED-DF48-407D-BEB3-9760B91DE64F}.Release|Any CPU.Build.0 = Release|Any CPU
	EndGlobalSection
	GlobalSection(SolutionProperties) = preSolution
		HideSolutionNode = FALSE
	EndGlobalSection
	GlobalSection(NestedProjects) = preSolution
		{3075B6CE-BDCE-4A66-9C84-8B878F2BACA4} = {D79ADD05-6BFD-46C0-B1F9-17143B2A6B2B}
		{8585D9ED-2D5A-479B-94B1-EA245E679818} = {D79ADD05-6BFD-46C0-B1F9-17143B2A6B2B}
		{5FCE86D4-E223-410B-9800-C8A027413588} = {D79ADD05-6BFD-46C0-B1F9-17143B2A6B2B}
		{B9D1BEAB-005C-4115-B231-EBA0C4555F5C} = {D79ADD05-6BFD-46C0-B1F9-17143B2A6B2B}
		{0C5C70ED-DF48-407D-BEB3-9760B91DE64F} = {D79ADD05-6BFD-46C0-B1F9-17143B2A6B2B}
	EndGlobalSection
	GlobalSection(ExtensibilityGlobals) = postSolution
		SolutionGuid = {BCFFEF95-A0FB-449B-A911-54F2CAB08A1D}
	EndGlobalSection
EndGlobal
